
Microsoft Visual Studio Solution File, Format Version 12.00
# Visual Studio Version 17
VisualStudioVersion = 17.14.37027.9 d17.14
MinimumVisualStudioVersion = 10.0.40219.1
Project("{FAE04EC0-301F-11D3-BF4B-00C04F79EFBC}") = "czcionki", "czcionki\czcionki.csproj", "{5A1572F2-053D-4783-B064-37B2377011C7}"
EndProject
Global
	GlobalSection(SolutionConfigurationPlatforms) = preSolution
		Debug|Any CPU = Debug|Any CPU
		Release|Any CPU = Release|Any CPU
	EndGlobalSection
	GlobalSection(ProjectConfigurationPlatforms) = postSolution
		{5A1572F2-053D-4783-B064-37B2377011C7}.Debug|Any CPU.ActiveCfg = Debug|Any CPU
		{5A1572F2-053D-4783-B064-37B2377011C7}.Debug|Any CPU.Build.0 = Debug|Any CPU
		{5A1572F2-053D-4783-B064-37B2377011C7}.Release|Any CPU.ActiveCfg = Release|Any CPU
		{5A1572F2-053D-4783-B064-37B2377011C7}.Release|Any CPU.Build.0 = Release|Any CPU
	EndGlobalSection
	GlobalSection(SolutionProperties) = preSolution
		HideSolutionNode = FALSE
	EndGlobalSection
	GlobalSection(ExtensibilityGlobals) = postSolution
		SolutionGuid = {5DFA2770-E68D-4BCE-8421-79E3B40D0B48}
	EndGlobalSection
EndGlobal
